<Solution>
  <Folder Name="/Test/">
    <Project Path="santedb-certs-bc/SanteDB.Security.Certs.BouncyCastle.Test/SanteDB.Security.Certs.BouncyCastle.Test.csproj" />
  </Folder>
  <Project Path="restsrvr/RestSrvr/RestSrvr.csproj" />
  <Project Path="santedb-api/SanteDB.Core.Api/SanteDB.Core.Api.csproj" />
  <Project Path="santedb-applets/SanteDB.Core.Applets/SanteDB.Core.Applets.csproj" />
  <Project Path="santedb-bis/SanteDB.BI/SanteDB.BI.csproj" />
  <Project Path="santedb-bis/SanteDB.Rest.BIS/SanteDB.Rest.BIS.csproj" />
  <Project Path="santedb-bre-js/SanteDB.BusinessRules.JavaScript/SanteDB.BusinessRules.JavaScript.csproj" />
  <Project Path="santedb-cache-memory/SanteDB.Caching.Memory/SanteDB.Caching.Memory.csproj" />
  <Project Path="santedb-cache-redis/SanteDB.Caching.Redis/SanteDB.Caching.Redis.csproj" />
  <Project Path="santedb-cdss/SanteDB.Cdss.Xml/SanteDB.Cdss.Xml.csproj" />
  <Project Path="santedb-certs-bc/SanteDB.Security.Certs.BouncyCastle/SanteDB.Security.Certs.BouncyCastle.csproj" />
  <Project Path="santedb-client/SanteDB.Messaging.AMI.Client/SanteDB.Messaging.AMI.Client.csproj" />
  <Project Path="santedb-client/SanteDB.Messaging.HDSI.Client/SanteDB.Messaging.HDSI.Client.csproj" />
  <Project Path="santedb-data/SanteDB.Persistence.Auditing.ADO/SanteDB.Persistence.Auditing.ADO.csproj" />
  <Project Path="santedb-data/SanteDB.Persistence.Data/SanteDB.Persistence.Data.csproj" />
  <Project Path="santedb-data/SanteDB.Persistence.PubSub.ADO/SanteDB.Persistence.PubSub.ADO.csproj" />
  <Project Path="santedb-data/SanteDB.Persistence.Synchronization.ADO/SanteDB.Persistence.Synchronization.ADO.csproj" />
  <Project Path="santedb-dc-core/SanteDB.Client.Batteries/SanteDB.Client.Batteries.csproj" />
  <Project Path="santedb-dc-core/SanteDB.Client.Disconnected/SanteDB.Client.Disconnected.csproj" />
  <Project Path="santedb-dc-core/SanteDB.Client.Shared/SanteDB.Client.Shared.csproj" />
  <Project Path="santedb-dc-core/SanteDB.Client/SanteDB.Client.csproj" />
  <Project Path="santedb-docker/SanteDB.Docker.Core/SanteDB.Docker.Core.csproj" />
  <Project Path="santedb-fhir/SanteDB.Messaging.FHIR/SanteDB.Messaging.FHIR.csproj" />
  <Project Path="santedb-gs1/SanteDB.Messaging.GS1/SanteDB.Messaging.GS1.csproj" />
  <Project Path="santedb-hl7/SanteDB.Messaging.HL7/SanteDB.Messaging.HL7.csproj" />
  <Project Path="santedb-i18n/SanteDB.Core.i18n/SanteDB.Core.i18n.csproj" />
  <Project Path="santedb-match/SanteDB.Matcher/SanteDB.Matcher.csproj" />
  <Project Path="santedb-mdm/SanteDB.Persistence.MDM/SanteDB.Persistence.MDM.csproj" />
  <Project Path="santedb-model/SanteDB.Core.Model/SanteDB.Core.Model.csproj" />
  <Project Path="santedb-msmq/SanteDB.Queue.Msmq/SanteDB.Queue.Msmq.csproj" />
  <Project Path="santedb-openapi/SanteDB.Messaging.OpenAPI/SanteDB.Messaging.Metadata.csproj" />
  <Project Path="santedb-orm/SanteDB.OrmLite/SanteDB.OrmLite.csproj" />
  <Project Path="santedb-rabbitmq/SanteDB.Queue.RabbitMq/SanteDB.Queue.RabbitMq.csproj" />
  <Project Path="santedb-restsvc/SanteDB.Core.Model.AMI/SanteDB.Core.Model.AMI.csproj" />
  <Project Path="santedb-restsvc/SanteDB.Core.Model.ViewModelSerializers/SanteDB.Core.Model.ViewModelSerializers.csproj" />
  <Project Path="santedb-restsvc/SanteDB.Rest.AMI/SanteDB.Rest.AMI.csproj" />
  <Project Path="santedb-restsvc/SanteDB.Rest.AppService/SanteDB.Rest.AppService.csproj" />
  <Project Path="santedb-restsvc/SanteDB.Rest.Common/SanteDB.Rest.Common.csproj" />
  <Project Path="santedb-restsvc/SanteDB.Rest.HDSI/SanteDB.Rest.HDSI.csproj" />
  <Project Path="santedb-restsvc/SanteDB.Rest.OAuth/SanteDB.Rest.OAuth.csproj" />
  <Project Path="santedb-restsvc/SanteDB.Rest.WWW/SanteDB.Rest.WWW.csproj" />
  <Project Path="santedb-tools/SanteDB.DevTools/SanteDB.DevTools.csproj" />
  <Project Path="santedb-tools/SanteDB.PakMan.Common/SanteDB.PakMan.Common.csproj" />
  <Project Path="SanteDB.Configuration/SanteDB.Configuration.csproj" />
  <Project Path="SanteDB.Core.Security.Tfa.Twilio/SanteDB.Core.Security.Tfa.Twilio.csproj" />
  <Project Path="SanteDB.Messaging.Atna/SanteDB.Messaging.Atna.csproj" />
  <Project Path="SanteDB.Persistence.Diagnostics.Email/SanteDB.Persistence.Diagnostics.Email.csproj" />
  <Project Path="SanteDB.Persistence.Diagnostics.Jira/SanteDB.Persistence.Diagnostics.Jira.csproj" />
  <Project Path="SanteDB/SanteDB.csproj" />
</Solution>
