
Microsoft Visual Studio Solution File, Format Version 12.00
# Visual Studio Version 16
VisualStudioVersion = 16.0.29509.3
MinimumVisualStudioVersion = 10.0.40219.1
Project("{FAE04EC0-301F-11D3-BF4B-00C04F79EFBC}") = "SanteDB", "SanteDB\SanteDB.csproj", "{649B7C70-EC21-4AC4-B918-C34C84753126}"
	ProjectSection(ProjectDependencies) = postProject
		{16BE3000-C76A-41FC-99DB-C5C90DD521E8} = {16BE3000-C76A-41FC-99DB-C5C90DD521E8}
		{450E9519-C573-4F07-ADDD-8D0C74B975FF} = {450E9519-C573-4F07-ADDD-8D0C74B975FF}
		{03052730-BE5D-4212-9B71-316C685DD245} = {03052730-BE5D-4212-9B71-316C685DD245}
		{98C8B04A-82DE-4EEF-A0A0-BF098BE53EE4} = {98C8B04A-82DE-4EEF-A0A0-BF098BE53EE4}
		{B09A6D4C-862C-4B5B-9C05-4160ED7CCA4A} = {B09A6D4C-862C-4B5B-9C05-4160ED7CCA4A}
		{E210AD94-8006-4F32-A86D-198CB2D8A9CE} = {E210AD94-8006-4F32-A86D-198CB2D8A9CE}
		{59B5E3BE-790E-451F-BACA-631369CF535C} = {59B5E3BE-790E-451F-BACA-631369CF535C}
		{B25778DB-97DA-4BA1-BF77-72838658B148} = {B25778DB-97DA-4BA1-BF77-72838658B148}
		{11407ADB-E336-4C0C-AF8E-EA6B601BA69E} = {11407ADB-E336-4C0C-AF8E-EA6B601BA69E}
		{1B0374EA-A3A3-46A5-97DA-9E04AE517694} = {1B0374EA-A3A3-46A5-97DA-9E04AE517694}
		{F187FEFC-0112-43DF-A854-271496E0AC42} = {F187FEFC-0112-43DF-A854-271496E0AC42}
		{833375FE-DA04-4064-A821-921097FB1A38} = {833375FE-DA04-4064-A821-921097FB1A38}
	EndProjectSection
EndProject
Project("{FAE04EC0-301F-11D3-BF4B-00C04F79EFBC}") = "SanteDB.Authentication.OAuth2", "SanteDB.Authentication.OAuth\SanteDB.Authentication.OAuth2.csproj", "{A3975C6F-4FDB-43BE-81AB-3357B86173F1}"
EndProject
Project("{FAE04EC0-301F-11D3-BF4B-00C04F79EFBC}") = "SanteDB.Server.Core", "SanteDB.Core\SanteDB.Server.Core.csproj", "{DB9BC05E-45F1-4F96-A161-F36BDECAF566}"
EndProject
Project("{FAE04EC0-301F-11D3-BF4B-00C04F79EFBC}") = "SanteDB.Core.Security.Tfa.Twilio", "SanteDB.Core.Security.Tfa.Twilio\SanteDB.Core.Security.Tfa.Twilio.csproj", "{5A60D6E2-72DD-478A-91A6-E928208CA1BA}"
EndProject
Project("{FAE04EC0-301F-11D3-BF4B-00C04F79EFBC}") = "SanteDB.Messaging.AMI", "SanteDB.Messaging.AMI\SanteDB.Messaging.AMI.csproj", "{D882323C-2BC9-4A1D-B70F-D833CF2E91A1}"
EndProject
Project("{FAE04EC0-301F-11D3-BF4B-00C04F79EFBC}") = "SanteDB.Messaging.HDSI", "SanteDB.Messaging.HDSI\SanteDB.Messaging.HDSI.csproj", "{04E3C581-5A04-4691-82AC-F339947FCE75}"
EndProject
Project("{FAE04EC0-301F-11D3-BF4B-00C04F79EFBC}") = "SanteDB.Messaging.HDSI.Test", "SanteDB.Messaging.HDSI.Test\SanteDB.Messaging.HDSI.Test.csproj", "{B25778DB-97DA-4BA1-BF77-72838658B148}"
EndProject
Project("{FAE04EC0-301F-11D3-BF4B-00C04F79EFBC}") = "SanteDB.Persistence.Auditing.ADO", "SanteDB.Persistence.Auditing.ADO\SanteDB.Persistence.Auditing.ADO.csproj", "{45EA67A6-48F6-4906-84EC-5C13C80C9CC4}"
EndProject
Project("{FAE04EC0-301F-11D3-BF4B-00C04F79EFBC}") = "SanteDB.Persistence.Data.ADO", "SanteDB.Persistence.Data.ADO\SanteDB.Persistence.Data.ADO.csproj", "{F38ED54C-E4E4-499A-882E-736289F332C0}"
EndProject
Project("{FAE04EC0-301F-11D3-BF4B-00C04F79EFBC}") = "SanteDB.Persistence.Data.ADO.Test", "SanteDB.Persistence.Data.ADO.Test\SanteDB.Persistence.Data.ADO.Test.csproj", "{11407ADB-E336-4C0C-AF8E-EA6B601BA69E}"
EndProject
Project("{FAE04EC0-301F-11D3-BF4B-00C04F79EFBC}") = "SanteDB.Persistence.Diagnostics.Email", "SanteDB.Persistence.Diagnostics.Email\SanteDB.Persistence.Diagnostics.Email.csproj", "{2A5CEA66-8BB3-4567-BDFA-9C174FC215F7}"
EndProject
Project("{FAE04EC0-301F-11D3-BF4B-00C04F79EFBC}") = "SanteDB.Persistence.Diagnostics.Jira", "SanteDB.Persistence.Diagnostics.Jira\SanteDB.Persistence.Diagnostics.Jira.csproj", "{18A9F102-023E-4E17-8A70-A91365E1510D}"
EndProject
Project("{2150E333-8FDC-42A3-9474-1A3956D46DE8}") = "Core", "Core", "{58D303FA-0113-4888-AA67-A9436DDEBFAD}"
EndProject
Project("{2150E333-8FDC-42A3-9474-1A3956D46DE8}") = "Auth", "Auth", "{7B83FD05-8ED8-4C17-95EA-C17190D807F2}"
EndProject
Project("{2150E333-8FDC-42A3-9474-1A3956D46DE8}") = "Caching", "Caching", "{6150ED46-45C3-4CAA-ACC3-31A920124B2B}"
EndProject
Project("{2150E333-8FDC-42A3-9474-1A3956D46DE8}") = "Model", "Model", "{7D6C41A7-3447-4187-A373-F4279E13C47B}"
EndProject
Project("{2150E333-8FDC-42A3-9474-1A3956D46DE8}") = "Security", "Security", "{8AE6EB13-2C0F-4282-B871-073E2ED119B5}"
EndProject
Project("{2150E333-8FDC-42A3-9474-1A3956D46DE8}") = "Messaging", "Messaging", "{5506BB6D-FFA3-40A2-83F5-425C6149DFF4}"
EndProject
Project("{2150E333-8FDC-42A3-9474-1A3956D46DE8}") = "Interop", "Interop", "{FE92CEE3-7E0D-4041-8F95-DA2855A50B7A}"
EndProject
Project("{2150E333-8FDC-42A3-9474-1A3956D46DE8}") = "Persistence", "Persistence", "{66328BE7-81CC-4820-99E9-8C5C534B4A2B}"
EndProject
Project("{2150E333-8FDC-42A3-9474-1A3956D46DE8}") = "Reporting", "Reporting", "{B3BFDC6E-8B62-4332-B52F-F1B59298180A}"
EndProject
Project("{9A19103F-16F7-4668-BE54-9A1E7A4F7556}") = "SanteDB.Core.Model", "santedb-model\SanteDB.Core.Model\SanteDB.Core.Model.csproj", "{F1A82A4F-4A57-47D7-AE76-444C8A4FF54A}"
EndProject
Project("{9A19103F-16F7-4668-BE54-9A1E7A4F7556}") = "SanteDB.Core.Api", "santedb-api\SanteDB.Core.Api\SanteDB.Core.Api.csproj", "{3A45F695-47A2-464C-ACE6-BDABBFA39FBC}"
EndProject
Project("{9A19103F-16F7-4668-BE54-9A1E7A4F7556}") = "SanteDB.Core.Applets", "santedb-applets\SanteDB.Core.Applets\SanteDB.Core.Applets.csproj", "{39E61451-F4FE-493D-B754-5F06EB284AAC}"
EndProject
Project("{9A19103F-16F7-4668-BE54-9A1E7A4F7556}") = "SanteDB.BusinessRules.JavaScript", "santedb-bre-js\SanteDB.BusinessRules.JavaScript\SanteDB.BusinessRules.JavaScript.csproj", "{3BFD6EE6-0267-4D82-BE7D-9B48B2F6F3D4}"
EndProject
Project("{9A19103F-16F7-4668-BE54-9A1E7A4F7556}") = "SanteDB.OrmLite", "santedb-orm\SanteDB.OrmLite\SanteDB.OrmLite.csproj", "{407C87E6-A1F3-45E6-B883-A8176B350817}"
EndProject
Project("{9A19103F-16F7-4668-BE54-9A1E7A4F7556}") = "SanteDB.Cdss.Xml", "santedb-cdss\SanteDB.Cdss.Xml\SanteDB.Cdss.Xml.csproj", "{CAD6BCB7-758B-4AA4-A5FE-A9FAB8A4CF2F}"
EndProject
Project("{2150E333-8FDC-42A3-9474-1A3956D46DE8}") = "Tools", "Tools", "{B79089D5-04F4-467D-A404-5391C062AF7C}"
EndProject
Project("{FAE04EC0-301F-11D3-BF4B-00C04F79EFBC}") = "SanteDB.Tools.DataSandbox", "SanteDB.Tools.DataQueryService\SanteDB.Tools.DataSandbox.csproj", "{5660297C-6DB6-45FE-BF1D-DE254E35A5B3}"
EndProject
Project("{2150E333-8FDC-42A3-9474-1A3956D46DE8}") = "Rest", "Rest", "{5548B94C-EDC6-4A15-ADEC-184FADDC5999}"
EndProject
Project("{9A19103F-16F7-4668-BE54-9A1E7A4F7556}") = "RestSrvr", "restsrvr\RestSrvr\RestSrvr.csproj", "{16EF1840-0361-439D-806C-92D0411122EB}"
EndProject
Project("{9A19103F-16F7-4668-BE54-9A1E7A4F7556}") = "SanteDB.Core.Model.AMI", "santedb-restsvc\SanteDB.Core.Model.AMI\SanteDB.Core.Model.AMI.csproj", "{65EF51C6-5CB8-43B8-AE65-4A68F0B44AD2}"
EndProject
Project("{9A19103F-16F7-4668-BE54-9A1E7A4F7556}") = "SanteDB.Core.Model.RISI", "santedb-restsvc\SanteDB.Core.Model.RISI\SanteDB.Core.Model.RISI.csproj", "{F3D2FA84-C398-4390-9834-1272CC2D6F89}"
EndProject
Project("{9A19103F-16F7-4668-BE54-9A1E7A4F7556}") = "SanteDB.Rest.AMI", "santedb-restsvc\SanteDB.Rest.AMI\SanteDB.Rest.AMI.csproj", "{F14023E2-F8DF-4EBC-B2C4-34A825E3790E}"
EndProject
Project("{9A19103F-16F7-4668-BE54-9A1E7A4F7556}") = "SanteDB.Rest.Common", "santedb-restsvc\SanteDB.Rest.Common\SanteDB.Rest.Common.csproj", "{786BD0EE-1806-4158-BA45-80249AC6DFE7}"
EndProject
Project("{9A19103F-16F7-4668-BE54-9A1E7A4F7556}") = "SanteDB.Rest.HDSI", "santedb-restsvc\SanteDB.Rest.HDSI\SanteDB.Rest.HDSI.csproj", "{903E2E75-7B62-4C42-A001-404DC0235A6B}"
EndProject
Project("{FAE04EC0-301F-11D3-BF4B-00C04F79EFBC}") = "SanteDB.Messaging.Atna", "SanteDB.Messaging.Atna\SanteDB.Messaging.Atna.csproj", "{976E1627-B0DA-4237-977D-9B3020B60DC1}"
EndProject
Project("{9A19103F-16F7-4668-BE54-9A1E7A4F7556}") = "SanteDB.Matcher", "santedb-match\SanteDB.Matcher\SanteDB.Matcher.csproj", "{A37BB496-739D-440E-AB64-E2939A759898}"
EndProject
Project("{FAE04EC0-301F-11D3-BF4B-00C04F79EFBC}") = "ConfigTool", "SanteDB.Configurator\ConfigTool.csproj", "{1B0374EA-A3A3-46A5-97DA-9E04AE517694}"
EndProject
Project("{2150E333-8FDC-42A3-9474-1A3956D46DE8}") = "Configuration", "Configuration", "{F833B4D4-332A-403F-9754-EC00EB6B5CB7}"
EndProject
Project("{FAE04EC0-301F-11D3-BF4B-00C04F79EFBC}") = "SanteDB.Configuration", "SanteDB.Configuration\SanteDB.Configuration.csproj", "{032ABF00-6C76-47C7-9ECA-A840915A17EA}"
EndProject
Project("{2150E333-8FDC-42A3-9474-1A3956D46DE8}") = "Solution Items", "Solution Items", "{F0BC85DB-6553-4A94-96AC-437F8A57FE99}"
	ProjectSection(SolutionItems) = preProject
		NOTICE.md = NOTICE.md
		Performance1.psess = Performance1.psess
		Performance2.psess = Performance2.psess
	EndProjectSection
EndProject
Project("{FAE04EC0-301F-11D3-BF4B-00C04F79EFBC}") = "SanteDB.Core.TestFramework", "SanteDB.Core.TestFramework\SanteDB.Core.TestFramework.csproj", "{AD73DB46-CBB3-4746-B406-40FC435AB3DB}"
EndProject
Project("{9A19103F-16F7-4668-BE54-9A1E7A4F7556}") = "SanteDB.BI", "santedb-bis\SanteDB.BI\SanteDB.BI.csproj", "{030666AA-FC71-449E-9DFC-270F1C23C5DA}"
EndProject
Project("{9A19103F-16F7-4668-BE54-9A1E7A4F7556}") = "SanteDB.Rest.BIS", "santedb-bis\SanteDB.Rest.BIS\SanteDB.Rest.BIS.csproj", "{200AC0CB-EBBF-4FDE-81D0-447CDFFFA2F7}"
EndProject
Project("{FAE04EC0-301F-11D3-BF4B-00C04F79EFBC}") = "SanteDB.Tools.Debug", "SanteDB.Tools.Debug\SanteDB.Tools.Debug.csproj", "{223D4D87-6819-4F38-AE69-A82E249E1879}"
EndProject
Project("{2150E333-8FDC-42A3-9474-1A3956D46DE8}") = "Model", "Model", "{0899EFEE-DF67-4307-853D-5E50EF88F98D}"
EndProject
Project("{9A19103F-16F7-4668-BE54-9A1E7A4F7556}") = "SanteDB.Core.Model.ViewModelSerializers", "santedb-restsvc\SanteDB.Core.Model.ViewModelSerializers\SanteDB.Core.Model.ViewModelSerializers.csproj", "{ECE9B280-9647-4092-BABF-EB2E25084670}"
EndProject
Project("{2150E333-8FDC-42A3-9474-1A3956D46DE8}") = "Matching", "Matching", "{75D6A9C9-C580-4684-88D4-A2291A302861}"
EndProject
Project("{2150E333-8FDC-42A3-9474-1A3956D46DE8}") = "ADO", "ADO", "{C6921DBD-1FCB-43A7-98A6-AF24C3C6652A}"
EndProject
Project("{2150E333-8FDC-42A3-9474-1A3956D46DE8}") = "Dx", "Dx", "{86A42CDB-A7A4-4548-AEF7-ECCB242F5A48}"
EndProject
Project("{2150E333-8FDC-42A3-9474-1A3956D46DE8}") = "MDM", "MDM", "{12BB9926-8A67-44D5-BE68-7E27E3AE6DE9}"
EndProject
Project("{FAE04EC0-301F-11D3-BF4B-00C04F79EFBC}") = "SanteDB.Persistence.MDM", "santedb-mdm\SanteDB.Persistence.MDM\SanteDB.Persistence.MDM.csproj", "{20960967-3647-41A2-9DF6-3E15E2AA7019}"
EndProject
Project("{FAE04EC0-301F-11D3-BF4B-00C04F79EFBC}") = "SanteDB.Persistence.MDM.Test", "santedb-mdm\SanteDB.Persistence.MDM.Test\SanteDB.Persistence.MDM.Test.csproj", "{16BE3000-C76A-41FC-99DB-C5C90DD521E8}"
EndProject
Project("{FAE04EC0-301F-11D3-BF4B-00C04F79EFBC}") = "SanteDB.Core.Api.Test", "santedb-api\SanteDB.Core.Api.Test\SanteDB.Core.Api.Test.csproj", "{59B5E3BE-790E-451F-BACA-631369CF535C}"
EndProject
Project("{FAE04EC0-301F-11D3-BF4B-00C04F79EFBC}") = "SanteDB.Matcher.Test", "santedb-match\SanteDB.Matcher.Test\SanteDB.Matcher.Test.csproj", "{E210AD94-8006-4F32-A86D-198CB2D8A9CE}"
EndProject
Project("{FAE04EC0-301F-11D3-BF4B-00C04F79EFBC}") = "SanteDB.Server", "SanteDB.Server\SanteDB.Server.csproj", "{1D145E2A-C31E-467C-9F4A-6811E1604B67}"
EndProject
Project("{FAE04EC0-301F-11D3-BF4B-00C04F79EFBC}") = "SanteDB.OrmLite.Test", "santedb-orm\SanteDB.OrmLite.Test\SanteDB.OrmLite.Test.csproj", "{833375FE-DA04-4064-A821-921097FB1A38}"
EndProject
Project("{9A19103F-16F7-4668-BE54-9A1E7A4F7556}") = "SanteDB.Persistence.PubSub.ADO", "SanteDB.Persistence.PubSub.ADO\SanteDB.Persistence.PubSub.ADO.csproj", "{03052730-BE5D-4212-9B71-316C685DD245}"
EndProject
Project("{FAE04EC0-301F-11D3-BF4B-00C04F79EFBC}") = "SanteDB.Server.AdminConsole.Api", "SanteDB.Server.AdminConsole.Api\SanteDB.Server.AdminConsole.Api.csproj", "{450E9519-C573-4F07-ADDD-8D0C74B975FF}"
EndProject
Project("{FAE04EC0-301F-11D3-BF4B-00C04F79EFBC}") = "SanteDB.Server.AdminConsole", "SanteDB.Server.AdminConsole\SanteDB.Server.AdminConsole.csproj", "{98C8B04A-82DE-4EEF-A0A0-BF098BE53EE4}"
EndProject
Project("{9A19103F-16F7-4668-BE54-9A1E7A4F7556}") = "SanteDB.Messaging.FHIR", "santedb-fhir\SanteDB.Messaging.FHIR\SanteDB.Messaging.FHIR.csproj", "{33836324-C699-4139-AB9C-7524570A04D5}"
EndProject
Project("{9A19103F-16F7-4668-BE54-9A1E7A4F7556}") = "SanteDB.Messaging.HL7", "santedb-hl7\SanteDB.Messaging.HL7\SanteDB.Messaging.HL7.csproj", "{C1F86EA3-FC84-456F-A9D9-0BF8DB0D48D3}"
EndProject
Project("{FAE04EC0-301F-11D3-BF4B-00C04F79EFBC}") = "SanteDB.Messaging.GS1", "santedb-gs1\SanteDB.Messaging.GS1\SanteDB.Messaging.GS1.csproj", "{EBF0386E-B082-47C3-9E2A-AB228E2035B3}"
EndProject
Project("{9A19103F-16F7-4668-BE54-9A1E7A4F7556}") = "SanteDB.Messaging.Metadata", "santedb-openapi\SanteDB.Messaging.OpenAPI\SanteDB.Messaging.Metadata.csproj", "{1B690052-ED2E-4389-838D-9B9FB188F541}"
EndProject
Project("{FAE04EC0-301F-11D3-BF4B-00C04F79EFBC}") = "SanteDB.Messaging.HL7.Test", "santedb-hl7\SanteDB.Messaging.HL7.Test\SanteDB.Messaging.HL7.Test.csproj", "{F187FEFC-0112-43DF-A854-271496E0AC42}"
EndProject
Project("{9A19103F-16F7-4668-BE54-9A1E7A4F7556}") = "SanteDB.Caching.Memory", "santedb-cache-memory\SanteDB.Caching.Memory\SanteDB.Caching.Memory.csproj", "{8553ABC7-ABFA-4A21-B0E8-68B7DE76129D}"
EndProject
Project("{FAE04EC0-301F-11D3-BF4B-00C04F79EFBC}") = "SanteDB.Caching.Memory.Test", "santedb-cache-memory\SanteDB.Caching.Memory.Test\SanteDB.Caching.Memory.Test.csproj", "{B09A6D4C-862C-4B5B-9C05-4160ED7CCA4A}"
EndProject
Project("{9A19103F-16F7-4668-BE54-9A1E7A4F7556}") = "SanteDB.Caching.Redis", "santedb-cache-redis\SanteDB.Caching.Redis\SanteDB.Caching.Redis.csproj", "{86672094-25CC-4CD5-B085-240E50EC4A5E}"
EndProject
Project("{9A19103F-16F7-4668-BE54-9A1E7A4F7556}") = "SanteDB.Docker.Core", "santedb-docker\SanteDB.Docker.Core\SanteDB.Docker.Core.csproj", "{284CE885-78E0-48EA-A2E4-6957AD66EAB5}"
EndProject
Project("{2150E333-8FDC-42A3-9474-1A3956D46DE8}") = "Docker", "Docker", "{E6D363F8-1029-48F4-A654-4A6F49C6EAA2}"
EndProject
Project("{FAE04EC0-301F-11D3-BF4B-00C04F79EFBC}") = "SanteDB.Docker.Server", "santedb-docker\SanteDB.Docker.Server\SanteDB.Docker.Server.csproj", "{AA52CC57-FF46-454A-ACC4-0F1C4B009685}"
EndProject
Global
	GlobalSection(SolutionConfigurationPlatforms) = preSolution
		Debug|Any CPU = Debug|Any CPU
		Release|Any CPU = Release|Any CPU
	EndGlobalSection
	GlobalSection(ProjectConfigurationPlatforms) = postSolution
		{649B7C70-EC21-4AC4-B918-C34C84753126}.Debug|Any CPU.ActiveCfg = Debug|Any CPU
		{649B7C70-EC21-4AC4-B918-C34C84753126}.Debug|Any CPU.Build.0 = Debug|Any CPU
		{649B7C70-EC21-4AC4-B918-C34C84753126}.Release|Any CPU.ActiveCfg = Release|Any CPU
		{649B7C70-EC21-4AC4-B918-C34C84753126}.Release|Any CPU.Build.0 = Release|Any CPU
		{A3975C6F-4FDB-43BE-81AB-3357B86173F1}.Debug|Any CPU.ActiveCfg = Debug|Any CPU
		{A3975C6F-4FDB-43BE-81AB-3357B86173F1}.Debug|Any CPU.Build.0 = Debug|Any CPU
		{A3975C6F-4FDB-43BE-81AB-3357B86173F1}.Release|Any CPU.ActiveCfg = Release|Any CPU
		{A3975C6F-4FDB-43BE-81AB-3357B86173F1}.Release|Any CPU.Build.0 = Release|Any CPU
		{DB9BC05E-45F1-4F96-A161-F36BDECAF566}.Debug|Any CPU.ActiveCfg = Debug|Any CPU
		{DB9BC05E-45F1-4F96-A161-F36BDECAF566}.Debug|Any CPU.Build.0 = Debug|Any CPU
		{DB9BC05E-45F1-4F96-A161-F36BDECAF566}.Release|Any CPU.ActiveCfg = Release|Any CPU
		{DB9BC05E-45F1-4F96-A161-F36BDECAF566}.Release|Any CPU.Build.0 = Release|Any CPU
		{5A60D6E2-72DD-478A-91A6-E928208CA1BA}.Debug|Any CPU.ActiveCfg = Debug|Any CPU
		{5A60D6E2-72DD-478A-91A6-E928208CA1BA}.Debug|Any CPU.Build.0 = Debug|Any CPU
		{5A60D6E2-72DD-478A-91A6-E928208CA1BA}.Release|Any CPU.ActiveCfg = Release|Any CPU
		{5A60D6E2-72DD-478A-91A6-E928208CA1BA}.Release|Any CPU.Build.0 = Release|Any CPU
		{D882323C-2BC9-4A1D-B70F-D833CF2E91A1}.Debug|Any CPU.ActiveCfg = Debug|Any CPU
		{D882323C-2BC9-4A1D-B70F-D833CF2E91A1}.Debug|Any CPU.Build.0 = Debug|Any CPU
		{D882323C-2BC9-4A1D-B70F-D833CF2E91A1}.Release|Any CPU.ActiveCfg = Release|Any CPU
		{D882323C-2BC9-4A1D-B70F-D833CF2E91A1}.Release|Any CPU.Build.0 = Release|Any CPU
		{04E3C581-5A04-4691-82AC-F339947FCE75}.Debug|Any CPU.ActiveCfg = Debug|Any CPU
		{04E3C581-5A04-4691-82AC-F339947FCE75}.Debug|Any CPU.Build.0 = Debug|Any CPU
		{04E3C581-5A04-4691-82AC-F339947FCE75}.Release|Any CPU.ActiveCfg = Release|Any CPU
		{04E3C581-5A04-4691-82AC-F339947FCE75}.Release|Any CPU.Build.0 = Release|Any CPU
		{B25778DB-97DA-4BA1-BF77-72838658B148}.Debug|Any CPU.ActiveCfg = Debug|Any CPU
		{B25778DB-97DA-4BA1-BF77-72838658B148}.Debug|Any CPU.Build.0 = Debug|Any CPU
		{B25778DB-97DA-4BA1-BF77-72838658B148}.Release|Any CPU.ActiveCfg = Release|Any CPU
		{B25778DB-97DA-4BA1-BF77-72838658B148}.Release|Any CPU.Build.0 = Release|Any CPU
		{45EA67A6-48F6-4906-84EC-5C13C80C9CC4}.Debug|Any CPU.ActiveCfg = Debug|Any CPU
		{45EA67A6-48F6-4906-84EC-5C13C80C9CC4}.Debug|Any CPU.Build.0 = Debug|Any CPU
		{45EA67A6-48F6-4906-84EC-5C13C80C9CC4}.Release|Any CPU.ActiveCfg = Release|Any CPU
		{45EA67A6-48F6-4906-84EC-5C13C80C9CC4}.Release|Any CPU.Build.0 = Release|Any CPU
		{F38ED54C-E4E4-499A-882E-736289F332C0}.Debug|Any CPU.ActiveCfg = Debug|Any CPU
		{F38ED54C-E4E4-499A-882E-736289F332C0}.Debug|Any CPU.Build.0 = Debug|Any CPU
		{F38ED54C-E4E4-499A-882E-736289F332C0}.Release|Any CPU.ActiveCfg = Release|Any CPU
		{F38ED54C-E4E4-499A-882E-736289F332C0}.Release|Any CPU.Build.0 = Release|Any CPU
		{11407ADB-E336-4C0C-AF8E-EA6B601BA69E}.Debug|Any CPU.ActiveCfg = Debug|Any CPU
		{11407ADB-E336-4C0C-AF8E-EA6B601BA69E}.Debug|Any CPU.Build.0 = Debug|Any CPU
		{11407ADB-E336-4C0C-AF8E-EA6B601BA69E}.Release|Any CPU.ActiveCfg = Release|Any CPU
		{11407ADB-E336-4C0C-AF8E-EA6B601BA69E}.Release|Any CPU.Build.0 = Release|Any CPU
		{2A5CEA66-8BB3-4567-BDFA-9C174FC215F7}.Debug|Any CPU.ActiveCfg = Debug|Any CPU
		{2A5CEA66-8BB3-4567-BDFA-9C174FC215F7}.Debug|Any CPU.Build.0 = Debug|Any CPU
		{2A5CEA66-8BB3-4567-BDFA-9C174FC215F7}.Release|Any CPU.ActiveCfg = Release|Any CPU
		{2A5CEA66-8BB3-4567-BDFA-9C174FC215F7}.Release|Any CPU.Build.0 = Release|Any CPU
		{18A9F102-023E-4E17-8A70-A91365E1510D}.Debug|Any CPU.ActiveCfg = Debug|Any CPU
		{18A9F102-023E-4E17-8A70-A91365E1510D}.Debug|Any CPU.Build.0 = Debug|Any CPU
		{18A9F102-023E-4E17-8A70-A91365E1510D}.Release|Any CPU.ActiveCfg = Release|Any CPU
		{18A9F102-023E-4E17-8A70-A91365E1510D}.Release|Any CPU.Build.0 = Release|Any CPU
		{F1A82A4F-4A57-47D7-AE76-444C8A4FF54A}.Debug|Any CPU.ActiveCfg = Debug|Any CPU
		{F1A82A4F-4A57-47D7-AE76-444C8A4FF54A}.Debug|Any CPU.Build.0 = Debug|Any CPU
		{F1A82A4F-4A57-47D7-AE76-444C8A4FF54A}.Release|Any CPU.ActiveCfg = Release|Any CPU
		{F1A82A4F-4A57-47D7-AE76-444C8A4FF54A}.Release|Any CPU.Build.0 = Release|Any CPU
		{3A45F695-47A2-464C-ACE6-BDABBFA39FBC}.Debug|Any CPU.ActiveCfg = Debug|Any CPU
		{3A45F695-47A2-464C-ACE6-BDABBFA39FBC}.Debug|Any CPU.Build.0 = Debug|Any CPU
		{3A45F695-47A2-464C-ACE6-BDABBFA39FBC}.Release|Any CPU.ActiveCfg = Release|Any CPU
		{3A45F695-47A2-464C-ACE6-BDABBFA39FBC}.Release|Any CPU.Build.0 = Release|Any CPU
		{39E61451-F4FE-493D-B754-5F06EB284AAC}.Debug|Any CPU.ActiveCfg = Debug|Any CPU
		{39E61451-F4FE-493D-B754-5F06EB284AAC}.Debug|Any CPU.Build.0 = Debug|Any CPU
		{39E61451-F4FE-493D-B754-5F06EB284AAC}.Release|Any CPU.ActiveCfg = Release|Any CPU
		{39E61451-F4FE-493D-B754-5F06EB284AAC}.Release|Any CPU.Build.0 = Release|Any CPU
		{3BFD6EE6-0267-4D82-BE7D-9B48B2F6F3D4}.Debug|Any CPU.ActiveCfg = Debug|Any CPU
		{3BFD6EE6-0267-4D82-BE7D-9B48B2F6F3D4}.Debug|Any CPU.Build.0 = Debug|Any CPU
		{3BFD6EE6-0267-4D82-BE7D-9B48B2F6F3D4}.Release|Any CPU.ActiveCfg = Release|Any CPU
		{3BFD6EE6-0267-4D82-BE7D-9B48B2F6F3D4}.Release|Any CPU.Build.0 = Release|Any CPU
		{407C87E6-A1F3-45E6-B883-A8176B350817}.Debug|Any CPU.ActiveCfg = Debug|Any CPU
		{407C87E6-A1F3-45E6-B883-A8176B350817}.Debug|Any CPU.Build.0 = Debug|Any CPU
		{407C87E6-A1F3-45E6-B883-A8176B350817}.Release|Any CPU.ActiveCfg = Release|Any CPU
		{407C87E6-A1F3-45E6-B883-A8176B350817}.Release|Any CPU.Build.0 = Release|Any CPU
		{CAD6BCB7-758B-4AA4-A5FE-A9FAB8A4CF2F}.Debug|Any CPU.ActiveCfg = Debug|Any CPU
		{CAD6BCB7-758B-4AA4-A5FE-A9FAB8A4CF2F}.Debug|Any CPU.Build.0 = Debug|Any CPU
		{CAD6BCB7-758B-4AA4-A5FE-A9FAB8A4CF2F}.Release|Any CPU.ActiveCfg = Release|Any CPU
		{CAD6BCB7-758B-4AA4-A5FE-A9FAB8A4CF2F}.Release|Any CPU.Build.0 = Release|Any CPU
		{5660297C-6DB6-45FE-BF1D-DE254E35A5B3}.Debug|Any CPU.ActiveCfg = Debug|Any CPU
		{5660297C-6DB6-45FE-BF1D-DE254E35A5B3}.Debug|Any CPU.Build.0 = Debug|Any CPU
		{5660297C-6DB6-45FE-BF1D-DE254E35A5B3}.Release|Any CPU.ActiveCfg = Release|Any CPU
		{5660297C-6DB6-45FE-BF1D-DE254E35A5B3}.Release|Any CPU.Build.0 = Release|Any CPU
		{16EF1840-0361-439D-806C-92D0411122EB}.Debug|Any CPU.ActiveCfg = Debug|Any CPU
		{16EF1840-0361-439D-806C-92D0411122EB}.Debug|Any CPU.Build.0 = Debug|Any CPU
		{16EF1840-0361-439D-806C-92D0411122EB}.Release|Any CPU.ActiveCfg = Release|Any CPU
		{16EF1840-0361-439D-806C-92D0411122EB}.Release|Any CPU.Build.0 = Release|Any CPU
		{65EF51C6-5CB8-43B8-AE65-4A68F0B44AD2}.Debug|Any CPU.ActiveCfg = Debug|Any CPU
		{65EF51C6-5CB8-43B8-AE65-4A68F0B44AD2}.Debug|Any CPU.Build.0 = Debug|Any CPU
		{65EF51C6-5CB8-43B8-AE65-4A68F0B44AD2}.Release|Any CPU.ActiveCfg = Release|Any CPU
		{65EF51C6-5CB8-43B8-AE65-4A68F0B44AD2}.Release|Any CPU.Build.0 = Release|Any CPU
		{F3D2FA84-C398-4390-9834-1272CC2D6F89}.Debug|Any CPU.ActiveCfg = Debug|Any CPU
		{F3D2FA84-C398-4390-9834-1272CC2D6F89}.Debug|Any CPU.Build.0 = Debug|Any CPU
		{F3D2FA84-C398-4390-9834-1272CC2D6F89}.Release|Any CPU.ActiveCfg = Release|Any CPU
		{F3D2FA84-C398-4390-9834-1272CC2D6F89}.Release|Any CPU.Build.0 = Release|Any CPU
		{F14023E2-F8DF-4EBC-B2C4-34A825E3790E}.Debug|Any CPU.ActiveCfg = Debug|Any CPU
		{F14023E2-F8DF-4EBC-B2C4-34A825E3790E}.Debug|Any CPU.Build.0 = Debug|Any CPU
		{F14023E2-F8DF-4EBC-B2C4-34A825E3790E}.Release|Any CPU.ActiveCfg = Release|Any CPU
		{F14023E2-F8DF-4EBC-B2C4-34A825E3790E}.Release|Any CPU.Build.0 = Release|Any CPU
		{786BD0EE-1806-4158-BA45-80249AC6DFE7}.Debug|Any CPU.ActiveCfg = Debug|Any CPU
		{786BD0EE-1806-4158-BA45-80249AC6DFE7}.Debug|Any CPU.Build.0 = Debug|Any CPU
		{786BD0EE-1806-4158-BA45-80249AC6DFE7}.Release|Any CPU.ActiveCfg = Release|Any CPU
		{786BD0EE-1806-4158-BA45-80249AC6DFE7}.Release|Any CPU.Build.0 = Release|Any CPU
		{903E2E75-7B62-4C42-A001-404DC0235A6B}.Debug|Any CPU.ActiveCfg = Debug|Any CPU
		{903E2E75-7B62-4C42-A001-404DC0235A6B}.Debug|Any CPU.Build.0 = Debug|Any CPU
		{903E2E75-7B62-4C42-A001-404DC0235A6B}.Release|Any CPU.ActiveCfg = Release|Any CPU
		{903E2E75-7B62-4C42-A001-404DC0235A6B}.Release|Any CPU.Build.0 = Release|Any CPU
		{976E1627-B0DA-4237-977D-9B3020B60DC1}.Debug|Any CPU.ActiveCfg = Debug|Any CPU
		{976E1627-B0DA-4237-977D-9B3020B60DC1}.Debug|Any CPU.Build.0 = Debug|Any CPU
		{976E1627-B0DA-4237-977D-9B3020B60DC1}.Release|Any CPU.ActiveCfg = Release|Any CPU
		{976E1627-B0DA-4237-977D-9B3020B60DC1}.Release|Any CPU.Build.0 = Release|Any CPU
		{A37BB496-739D-440E-AB64-E2939A759898}.Debug|Any CPU.ActiveCfg = Debug|Any CPU
		{A37BB496-739D-440E-AB64-E2939A759898}.Debug|Any CPU.Build.0 = Debug|Any CPU
		{A37BB496-739D-440E-AB64-E2939A759898}.Release|Any CPU.ActiveCfg = Release|Any CPU
		{A37BB496-739D-440E-AB64-E2939A759898}.Release|Any CPU.Build.0 = Release|Any CPU
		{1B0374EA-A3A3-46A5-97DA-9E04AE517694}.Debug|Any CPU.ActiveCfg = Debug|Any CPU
		{1B0374EA-A3A3-46A5-97DA-9E04AE517694}.Debug|Any CPU.Build.0 = Debug|Any CPU
		{1B0374EA-A3A3-46A5-97DA-9E04AE517694}.Release|Any CPU.ActiveCfg = Release|Any CPU
		{1B0374EA-A3A3-46A5-97DA-9E04AE517694}.Release|Any CPU.Build.0 = Release|Any CPU
		{032ABF00-6C76-47C7-9ECA-A840915A17EA}.Debug|Any CPU.ActiveCfg = Debug|Any CPU
		{032ABF00-6C76-47C7-9ECA-A840915A17EA}.Debug|Any CPU.Build.0 = Debug|Any CPU
		{032ABF00-6C76-47C7-9ECA-A840915A17EA}.Release|Any CPU.ActiveCfg = Release|Any CPU
		{032ABF00-6C76-47C7-9ECA-A840915A17EA}.Release|Any CPU.Build.0 = Release|Any CPU
		{AD73DB46-CBB3-4746-B406-40FC435AB3DB}.Debug|Any CPU.ActiveCfg = Debug|Any CPU
		{AD73DB46-CBB3-4746-B406-40FC435AB3DB}.Debug|Any CPU.Build.0 = Debug|Any CPU
		{AD73DB46-CBB3-4746-B406-40FC435AB3DB}.Release|Any CPU.ActiveCfg = Release|Any CPU
		{AD73DB46-CBB3-4746-B406-40FC435AB3DB}.Release|Any CPU.Build.0 = Release|Any CPU
		{030666AA-FC71-449E-9DFC-270F1C23C5DA}.Debug|Any CPU.ActiveCfg = Debug|Any CPU
		{030666AA-FC71-449E-9DFC-270F1C23C5DA}.Debug|Any CPU.Build.0 = Debug|Any CPU
		{030666AA-FC71-449E-9DFC-270F1C23C5DA}.Release|Any CPU.ActiveCfg = Release|Any CPU
		{030666AA-FC71-449E-9DFC-270F1C23C5DA}.Release|Any CPU.Build.0 = Release|Any CPU
		{200AC0CB-EBBF-4FDE-81D0-447CDFFFA2F7}.Debug|Any CPU.ActiveCfg = Debug|Any CPU
		{200AC0CB-EBBF-4FDE-81D0-447CDFFFA2F7}.Debug|Any CPU.Build.0 = Debug|Any CPU
		{200AC0CB-EBBF-4FDE-81D0-447CDFFFA2F7}.Release|Any CPU.ActiveCfg = Release|Any CPU
		{200AC0CB-EBBF-4FDE-81D0-447CDFFFA2F7}.Release|Any CPU.Build.0 = Release|Any CPU
		{223D4D87-6819-4F38-AE69-A82E249E1879}.Debug|Any CPU.ActiveCfg = Debug|Any CPU
		{223D4D87-6819-4F38-AE69-A82E249E1879}.Debug|Any CPU.Build.0 = Debug|Any CPU
		{223D4D87-6819-4F38-AE69-A82E249E1879}.Release|Any CPU.ActiveCfg = Release|Any CPU
		{223D4D87-6819-4F38-AE69-A82E249E1879}.Release|Any CPU.Build.0 = Release|Any CPU
		{ECE9B280-9647-4092-BABF-EB2E25084670}.Debug|Any CPU.ActiveCfg = Debug|Any CPU
		{ECE9B280-9647-4092-BABF-EB2E25084670}.Debug|Any CPU.Build.0 = Debug|Any CPU
		{ECE9B280-9647-4092-BABF-EB2E25084670}.Release|Any CPU.ActiveCfg = Release|Any CPU
		{ECE9B280-9647-4092-BABF-EB2E25084670}.Release|Any CPU.Build.0 = Release|Any CPU
		{20960967-3647-41A2-9DF6-3E15E2AA7019}.Debug|Any CPU.ActiveCfg = Debug|Any CPU
		{20960967-3647-41A2-9DF6-3E15E2AA7019}.Debug|Any CPU.Build.0 = Debug|Any CPU
		{20960967-3647-41A2-9DF6-3E15E2AA7019}.Release|Any CPU.ActiveCfg = Release|Any CPU
		{20960967-3647-41A2-9DF6-3E15E2AA7019}.Release|Any CPU.Build.0 = Release|Any CPU
		{16BE3000-C76A-41FC-99DB-C5C90DD521E8}.Debug|Any CPU.ActiveCfg = Debug|Any CPU
		{16BE3000-C76A-41FC-99DB-C5C90DD521E8}.Debug|Any CPU.Build.0 = Debug|Any CPU
		{16BE3000-C76A-41FC-99DB-C5C90DD521E8}.Release|Any CPU.ActiveCfg = Release|Any CPU
		{16BE3000-C76A-41FC-99DB-C5C90DD521E8}.Release|Any CPU.Build.0 = Release|Any CPU
		{59B5E3BE-790E-451F-BACA-631369CF535C}.Debug|Any CPU.ActiveCfg = Debug|Any CPU
		{59B5E3BE-790E-451F-BACA-631369CF535C}.Debug|Any CPU.Build.0 = Debug|Any CPU
		{59B5E3BE-790E-451F-BACA-631369CF535C}.Release|Any CPU.ActiveCfg = Release|Any CPU
		{59B5E3BE-790E-451F-BACA-631369CF535C}.Release|Any CPU.Build.0 = Release|Any CPU
		{E210AD94-8006-4F32-A86D-198CB2D8A9CE}.Debug|Any CPU.ActiveCfg = Debug|Any CPU
		{E210AD94-8006-4F32-A86D-198CB2D8A9CE}.Debug|Any CPU.Build.0 = Debug|Any CPU
		{E210AD94-8006-4F32-A86D-198CB2D8A9CE}.Release|Any CPU.ActiveCfg = Release|Any CPU
		{E210AD94-8006-4F32-A86D-198CB2D8A9CE}.Release|Any CPU.Build.0 = Release|Any CPU
		{1D145E2A-C31E-467C-9F4A-6811E1604B67}.Debug|Any CPU.ActiveCfg = Debug|Any CPU
		{1D145E2A-C31E-467C-9F4A-6811E1604B67}.Debug|Any CPU.Build.0 = Debug|Any CPU
		{1D145E2A-C31E-467C-9F4A-6811E1604B67}.Release|Any CPU.ActiveCfg = Release|Any CPU
		{1D145E2A-C31E-467C-9F4A-6811E1604B67}.Release|Any CPU.Build.0 = Release|Any CPU
		{833375FE-DA04-4064-A821-921097FB1A38}.Debug|Any CPU.ActiveCfg = Debug|Any CPU
		{833375FE-DA04-4064-A821-921097FB1A38}.Debug|Any CPU.Build.0 = Debug|Any CPU
		{833375FE-DA04-4064-A821-921097FB1A38}.Release|Any CPU.ActiveCfg = Release|Any CPU
		{833375FE-DA04-4064-A821-921097FB1A38}.Release|Any CPU.Build.0 = Release|Any CPU
		{03052730-BE5D-4212-9B71-316C685DD245}.Debug|Any CPU.ActiveCfg = Debug|Any CPU
		{03052730-BE5D-4212-9B71-316C685DD245}.Debug|Any CPU.Build.0 = Debug|Any CPU
		{03052730-BE5D-4212-9B71-316C685DD245}.Release|Any CPU.ActiveCfg = Release|Any CPU
		{03052730-BE5D-4212-9B71-316C685DD245}.Release|Any CPU.Build.0 = Release|Any CPU
		{450E9519-C573-4F07-ADDD-8D0C74B975FF}.Debug|Any CPU.ActiveCfg = Debug|Any CPU
		{450E9519-C573-4F07-ADDD-8D0C74B975FF}.Debug|Any CPU.Build.0 = Debug|Any CPU
		{450E9519-C573-4F07-ADDD-8D0C74B975FF}.Release|Any CPU.ActiveCfg = Release|Any CPU
		{450E9519-C573-4F07-ADDD-8D0C74B975FF}.Release|Any CPU.Build.0 = Release|Any CPU
		{98C8B04A-82DE-4EEF-A0A0-BF098BE53EE4}.Debug|Any CPU.ActiveCfg = Debug|Any CPU
		{98C8B04A-82DE-4EEF-A0A0-BF098BE53EE4}.Debug|Any CPU.Build.0 = Debug|Any CPU
		{98C8B04A-82DE-4EEF-A0A0-BF098BE53EE4}.Release|Any CPU.ActiveCfg = Release|Any CPU
		{98C8B04A-82DE-4EEF-A0A0-BF098BE53EE4}.Release|Any CPU.Build.0 = Release|Any CPU
		{33836324-C699-4139-AB9C-7524570A04D5}.Debug|Any CPU.ActiveCfg = Debug|Any CPU
		{33836324-C699-4139-AB9C-7524570A04D5}.Debug|Any CPU.Build.0 = Debug|Any CPU
		{33836324-C699-4139-AB9C-7524570A04D5}.Release|Any CPU.ActiveCfg = Release|Any CPU
		{33836324-C699-4139-AB9C-7524570A04D5}.Release|Any CPU.Build.0 = Release|Any CPU
		{C1F86EA3-FC84-456F-A9D9-0BF8DB0D48D3}.Debug|Any CPU.ActiveCfg = Debug|Any CPU
		{C1F86EA3-FC84-456F-A9D9-0BF8DB0D48D3}.Debug|Any CPU.Build.0 = Debug|Any CPU
		{C1F86EA3-FC84-456F-A9D9-0BF8DB0D48D3}.Release|Any CPU.ActiveCfg = Release|Any CPU
		{C1F86EA3-FC84-456F-A9D9-0BF8DB0D48D3}.Release|Any CPU.Build.0 = Release|Any CPU
		{EBF0386E-B082-47C3-9E2A-AB228E2035B3}.Debug|Any CPU.ActiveCfg = Debug|Any CPU
		{EBF0386E-B082-47C3-9E2A-AB228E2035B3}.Debug|Any CPU.Build.0 = Debug|Any CPU
		{EBF0386E-B082-47C3-9E2A-AB228E2035B3}.Release|Any CPU.ActiveCfg = Release|Any CPU
		{EBF0386E-B082-47C3-9E2A-AB228E2035B3}.Release|Any CPU.Build.0 = Release|Any CPU
		{1B690052-ED2E-4389-838D-9B9FB188F541}.Debug|Any CPU.ActiveCfg = Debug|Any CPU
		{1B690052-ED2E-4389-838D-9B9FB188F541}.Debug|Any CPU.Build.0 = Debug|Any CPU
		{1B690052-ED2E-4389-838D-9B9FB188F541}.Release|Any CPU.ActiveCfg = Release|Any CPU
		{1B690052-ED2E-4389-838D-9B9FB188F541}.Release|Any CPU.Build.0 = Release|Any CPU
		{F187FEFC-0112-43DF-A854-271496E0AC42}.Debug|Any CPU.ActiveCfg = Debug|Any CPU
		{F187FEFC-0112-43DF-A854-271496E0AC42}.Debug|Any CPU.Build.0 = Debug|Any CPU
		{F187FEFC-0112-43DF-A854-271496E0AC42}.Release|Any CPU.ActiveCfg = Release|Any CPU
		{F187FEFC-0112-43DF-A854-271496E0AC42}.Release|Any CPU.Build.0 = Release|Any CPU
		{8553ABC7-ABFA-4A21-B0E8-68B7DE76129D}.Debug|Any CPU.ActiveCfg = Debug|Any CPU
		{8553ABC7-ABFA-4A21-B0E8-68B7DE76129D}.Debug|Any CPU.Build.0 = Debug|Any CPU
		{8553ABC7-ABFA-4A21-B0E8-68B7DE76129D}.Release|Any CPU.ActiveCfg = Release|Any CPU
		{8553ABC7-ABFA-4A21-B0E8-68B7DE76129D}.Release|Any CPU.Build.0 = Release|Any CPU
		{B09A6D4C-862C-4B5B-9C05-4160ED7CCA4A}.Debug|Any CPU.ActiveCfg = Debug|Any CPU
		{B09A6D4C-862C-4B5B-9C05-4160ED7CCA4A}.Debug|Any CPU.Build.0 = Debug|Any CPU
		{B09A6D4C-862C-4B5B-9C05-4160ED7CCA4A}.Release|Any CPU.ActiveCfg = Release|Any CPU
		{B09A6D4C-862C-4B5B-9C05-4160ED7CCA4A}.Release|Any CPU.Build.0 = Release|Any CPU
		{86672094-25CC-4CD5-B085-240E50EC4A5E}.Debug|Any CPU.ActiveCfg = Debug|Any CPU
		{86672094-25CC-4CD5-B085-240E50EC4A5E}.Debug|Any CPU.Build.0 = Debug|Any CPU
		{86672094-25CC-4CD5-B085-240E50EC4A5E}.Release|Any CPU.ActiveCfg = Release|Any CPU
		{86672094-25CC-4CD5-B085-240E50EC4A5E}.Release|Any CPU.Build.0 = Release|Any CPU
		{284CE885-78E0-48EA-A2E4-6957AD66EAB5}.Debug|Any CPU.ActiveCfg = Debug|Any CPU
		{284CE885-78E0-48EA-A2E4-6957AD66EAB5}.Debug|Any CPU.Build.0 = Debug|Any CPU
		{284CE885-78E0-48EA-A2E4-6957AD66EAB5}.Release|Any CPU.ActiveCfg = Release|Any CPU
		{284CE885-78E0-48EA-A2E4-6957AD66EAB5}.Release|Any CPU.Build.0 = Release|Any CPU
		{AA52CC57-FF46-454A-ACC4-0F1C4B009685}.Debug|Any CPU.ActiveCfg = Debug|Any CPU
		{AA52CC57-FF46-454A-ACC4-0F1C4B009685}.Debug|Any CPU.Build.0 = Debug|Any CPU
		{AA52CC57-FF46-454A-ACC4-0F1C4B009685}.Release|Any CPU.ActiveCfg = Release|Any CPU
		{AA52CC57-FF46-454A-ACC4-0F1C4B009685}.Release|Any CPU.Build.0 = Release|Any CPU
	EndGlobalSection
	GlobalSection(SolutionProperties) = preSolution
		HideSolutionNode = FALSE
	EndGlobalSection
	GlobalSection(NestedProjects) = preSolution
		{649B7C70-EC21-4AC4-B918-C34C84753126} = {58D303FA-0113-4888-AA67-A9436DDEBFAD}
		{A3975C6F-4FDB-43BE-81AB-3357B86173F1} = {7B83FD05-8ED8-4C17-95EA-C17190D807F2}
		{DB9BC05E-45F1-4F96-A161-F36BDECAF566} = {58D303FA-0113-4888-AA67-A9436DDEBFAD}
		{5A60D6E2-72DD-478A-91A6-E928208CA1BA} = {8AE6EB13-2C0F-4282-B871-073E2ED119B5}
		{D882323C-2BC9-4A1D-B70F-D833CF2E91A1} = {5506BB6D-FFA3-40A2-83F5-425C6149DFF4}
		{04E3C581-5A04-4691-82AC-F339947FCE75} = {5506BB6D-FFA3-40A2-83F5-425C6149DFF4}
		{B25778DB-97DA-4BA1-BF77-72838658B148} = {5506BB6D-FFA3-40A2-83F5-425C6149DFF4}
		{45EA67A6-48F6-4906-84EC-5C13C80C9CC4} = {8AE6EB13-2C0F-4282-B871-073E2ED119B5}
		{F38ED54C-E4E4-499A-882E-736289F332C0} = {C6921DBD-1FCB-43A7-98A6-AF24C3C6652A}
		{11407ADB-E336-4C0C-AF8E-EA6B601BA69E} = {C6921DBD-1FCB-43A7-98A6-AF24C3C6652A}
		{2A5CEA66-8BB3-4567-BDFA-9C174FC215F7} = {86A42CDB-A7A4-4548-AEF7-ECCB242F5A48}
		{18A9F102-023E-4E17-8A70-A91365E1510D} = {86A42CDB-A7A4-4548-AEF7-ECCB242F5A48}
		{7B83FD05-8ED8-4C17-95EA-C17190D807F2} = {8AE6EB13-2C0F-4282-B871-073E2ED119B5}
		{FE92CEE3-7E0D-4041-8F95-DA2855A50B7A} = {5506BB6D-FFA3-40A2-83F5-425C6149DFF4}
		{F1A82A4F-4A57-47D7-AE76-444C8A4FF54A} = {7D6C41A7-3447-4187-A373-F4279E13C47B}
		{3A45F695-47A2-464C-ACE6-BDABBFA39FBC} = {58D303FA-0113-4888-AA67-A9436DDEBFAD}
		{39E61451-F4FE-493D-B754-5F06EB284AAC} = {58D303FA-0113-4888-AA67-A9436DDEBFAD}
		{3BFD6EE6-0267-4D82-BE7D-9B48B2F6F3D4} = {58D303FA-0113-4888-AA67-A9436DDEBFAD}
		{407C87E6-A1F3-45E6-B883-A8176B350817} = {C6921DBD-1FCB-43A7-98A6-AF24C3C6652A}
		{CAD6BCB7-758B-4AA4-A5FE-A9FAB8A4CF2F} = {58D303FA-0113-4888-AA67-A9436DDEBFAD}
		{5660297C-6DB6-45FE-BF1D-DE254E35A5B3} = {B79089D5-04F4-467D-A404-5391C062AF7C}
		{16EF1840-0361-439D-806C-92D0411122EB} = {5548B94C-EDC6-4A15-ADEC-184FADDC5999}
		{65EF51C6-5CB8-43B8-AE65-4A68F0B44AD2} = {7D6C41A7-3447-4187-A373-F4279E13C47B}
		{F3D2FA84-C398-4390-9834-1272CC2D6F89} = {7D6C41A7-3447-4187-A373-F4279E13C47B}
		{F14023E2-F8DF-4EBC-B2C4-34A825E3790E} = {5506BB6D-FFA3-40A2-83F5-425C6149DFF4}
		{786BD0EE-1806-4158-BA45-80249AC6DFE7} = {5506BB6D-FFA3-40A2-83F5-425C6149DFF4}
		{903E2E75-7B62-4C42-A001-404DC0235A6B} = {5506BB6D-FFA3-40A2-83F5-425C6149DFF4}
		{976E1627-B0DA-4237-977D-9B3020B60DC1} = {FE92CEE3-7E0D-4041-8F95-DA2855A50B7A}
		{A37BB496-739D-440E-AB64-E2939A759898} = {75D6A9C9-C580-4684-88D4-A2291A302861}
		{1B0374EA-A3A3-46A5-97DA-9E04AE517694} = {F833B4D4-332A-403F-9754-EC00EB6B5CB7}
		{032ABF00-6C76-47C7-9ECA-A840915A17EA} = {F833B4D4-332A-403F-9754-EC00EB6B5CB7}
		{AD73DB46-CBB3-4746-B406-40FC435AB3DB} = {58D303FA-0113-4888-AA67-A9436DDEBFAD}
		{030666AA-FC71-449E-9DFC-270F1C23C5DA} = {B3BFDC6E-8B62-4332-B52F-F1B59298180A}
		{200AC0CB-EBBF-4FDE-81D0-447CDFFFA2F7} = {5506BB6D-FFA3-40A2-83F5-425C6149DFF4}
		{223D4D87-6819-4F38-AE69-A82E249E1879} = {B79089D5-04F4-467D-A404-5391C062AF7C}
		{0899EFEE-DF67-4307-853D-5E50EF88F98D} = {5506BB6D-FFA3-40A2-83F5-425C6149DFF4}
		{ECE9B280-9647-4092-BABF-EB2E25084670} = {0899EFEE-DF67-4307-853D-5E50EF88F98D}
		{75D6A9C9-C580-4684-88D4-A2291A302861} = {66328BE7-81CC-4820-99E9-8C5C534B4A2B}
		{C6921DBD-1FCB-43A7-98A6-AF24C3C6652A} = {66328BE7-81CC-4820-99E9-8C5C534B4A2B}
		{86A42CDB-A7A4-4548-AEF7-ECCB242F5A48} = {66328BE7-81CC-4820-99E9-8C5C534B4A2B}
		{12BB9926-8A67-44D5-BE68-7E27E3AE6DE9} = {66328BE7-81CC-4820-99E9-8C5C534B4A2B}
		{20960967-3647-41A2-9DF6-3E15E2AA7019} = {12BB9926-8A67-44D5-BE68-7E27E3AE6DE9}
		{16BE3000-C76A-41FC-99DB-C5C90DD521E8} = {12BB9926-8A67-44D5-BE68-7E27E3AE6DE9}
		{59B5E3BE-790E-451F-BACA-631369CF535C} = {58D303FA-0113-4888-AA67-A9436DDEBFAD}
		{E210AD94-8006-4F32-A86D-198CB2D8A9CE} = {75D6A9C9-C580-4684-88D4-A2291A302861}
		{1D145E2A-C31E-467C-9F4A-6811E1604B67} = {58D303FA-0113-4888-AA67-A9436DDEBFAD}
		{833375FE-DA04-4064-A821-921097FB1A38} = {C6921DBD-1FCB-43A7-98A6-AF24C3C6652A}
		{03052730-BE5D-4212-9B71-316C685DD245} = {C6921DBD-1FCB-43A7-98A6-AF24C3C6652A}
		{450E9519-C573-4F07-ADDD-8D0C74B975FF} = {B79089D5-04F4-467D-A404-5391C062AF7C}
		{98C8B04A-82DE-4EEF-A0A0-BF098BE53EE4} = {B79089D5-04F4-467D-A404-5391C062AF7C}
		{33836324-C699-4139-AB9C-7524570A04D5} = {FE92CEE3-7E0D-4041-8F95-DA2855A50B7A}
		{C1F86EA3-FC84-456F-A9D9-0BF8DB0D48D3} = {FE92CEE3-7E0D-4041-8F95-DA2855A50B7A}
		{EBF0386E-B082-47C3-9E2A-AB228E2035B3} = {FE92CEE3-7E0D-4041-8F95-DA2855A50B7A}
		{1B690052-ED2E-4389-838D-9B9FB188F541} = {FE92CEE3-7E0D-4041-8F95-DA2855A50B7A}
		{F187FEFC-0112-43DF-A854-271496E0AC42} = {FE92CEE3-7E0D-4041-8F95-DA2855A50B7A}
		{8553ABC7-ABFA-4A21-B0E8-68B7DE76129D} = {6150ED46-45C3-4CAA-ACC3-31A920124B2B}
		{B09A6D4C-862C-4B5B-9C05-4160ED7CCA4A} = {6150ED46-45C3-4CAA-ACC3-31A920124B2B}
		{86672094-25CC-4CD5-B085-240E50EC4A5E} = {6150ED46-45C3-4CAA-ACC3-31A920124B2B}
		{284CE885-78E0-48EA-A2E4-6957AD66EAB5} = {E6D363F8-1029-48F4-A654-4A6F49C6EAA2}
		{AA52CC57-FF46-454A-ACC4-0F1C4B009685} = {E6D363F8-1029-48F4-A654-4A6F49C6EAA2}
	EndGlobalSection
	GlobalSection(ExtensibilityGlobals) = postSolution
		SolutionGuid = {E73A1AED-8AB7-492C-A4F0-C71FCC5C393C}
	EndGlobalSection
	GlobalSection(Performance) = preSolution
		HasPerformanceSessions = true
	EndGlobalSection
	GlobalSection(Performance) = preSolution
		HasPerformanceSessions = true
	EndGlobalSection
	GlobalSection(Performance) = preSolution
		HasPerformanceSessions = true
	EndGlobalSection
EndGlobal
